PackratFormat: 1.4
PackratVersion: 0.4.7.1
RVersion: 3.3.0
Repos: BioCsoft=https://bioconductor.org/packages/3.2/bioc,
    BioCann=https://bioconductor.org/packages/3.2/data/annotation,
    BioCexp=https://bioconductor.org/packages/3.2/data/experiment,
    BioCextra=https://bioconductor.org/packages/3.2/extra,
    CRAN=https://cran.rstudio.com/

Package: R6
Source: CRAN
Version: 2.1.2
Hash: c515e41c73294952cbb33ee1c1be5a2d

Package: RColorBrewer
Source: CRAN
Version: 1.1-2

Package: Rcpp
Source: CRAN
Version: 0.12.5
Hash: 625a95cb4ef523a77ad02e140b715db6

Package: RcppRoll
Source: CRAN
Version: 0.2.2
Requires: Rcpp

Package: assertive.base
Source: CRAN
Version: 0.0-6
Hash: 4f2b9d76eafb1ab85e69004a97c9abf7

Package: assertive.files
Source: CRAN
Version: 0.0-2
Hash: c91106ff361810272383048e4bcc9d1d
Requires: assertive.base, assertive.numbers

Package: assertive.numbers
Source: CRAN
Version: 0.0-2
Hash: 64fe6f9b796ea47a1387ff9dffb41635
Requires: assertive.base

Package: assertive.properties
Source: CRAN
Version: 0.0-3
Hash: 8ddd68d2acf333fa9cb16efcb98a8ea5
Requires: assertive.base

Package: assertive.strings
Source: CRAN
Version: 0.0-3
Hash: 870cce2bb3cc3f14d762cba7d77a9ab6
Requires: assertive.base, assertive.types, stringi

Package: assertive.types
Source: CRAN
Version: 0.0-2
Hash: 89a7d6afbdd5ee9cca9924c62ea77c75
Requires: assertive.base, assertive.properties

Package: brew
Source: CRAN
Version: 1.0-6
Hash: 931f9972deae0f205e1c78a51f33149b

Package: colorspace
Source: CRAN
Version: 1.2-6

Package: crayon
Source: CRAN
Version: 1.3.1
Requires: memoise

Package: curl
Source: CRAN
Version: 0.9.7
Hash: 8a3eaed84ed6a9a188efdeddb231c5de

Package: devtools
Source: CRAN
Version: 1.11.1
Hash: 4c6aa014d917044bf376a363c3c8ee1a
Requires: digest, git2r, httr, jsonlite, memoise, rstudioapi, whisker,
    withr

Package: dichromat
Source: CRAN
Version: 2.0-0

Package: digest
Source: CRAN
Version: 0.6.9
Hash: fd55d5a024f160fc001a5ece1e27782d

Package: ggplot2
Source: CRAN
Version: 2.1.0
Requires: digest, gtable, plyr, reshape2, scales

Package: git2r
Source: CRAN
Version: 0.15.0
Hash: 92d5a9f3cba5e146b92a76dabbc29fbb

Package: gridGraphics
Source: CRAN
Version: 0.1-5

Package: gtable
Source: CRAN
Version: 0.2.0

Package: httr
Source: CRAN
Version: 1.2.0
Hash: cd5c30acde81117f6b9da436dffeaedf
Requires: R6, curl, jsonlite, mime, openssl

Package: ifultools
Source: CRAN
Version: 2.0-4
Requires: splus2R

Package: jpeg
Source: CRAN
Version: 0.1-8

Package: jsonlite
Source: CRAN
Version: 0.9.22
Hash: a465329f66afd33012e1aedfe5ba2e20

Package: labeling
Source: CRAN
Version: 0.3

Package: magrittr
Source: CRAN
Version: 1.5
Hash: bdc4d48c3135e8f3b399536ddf160df4

Package: memoise
Source: CRAN
Version: 1.0.0
Hash: 56e7087c3559eb7ba72a9afb349bf896
Requires: digest

Package: mime
Source: CRAN
Version: 0.4
Hash: b08c52dae92a0a11e64a4deea032ec33

Package: minpack.lm
Source: CRAN
Version: 1.2-0

Package: multipanelfigure
Source: CRAN
Version: 0.8.2
Requires: assertive.base, assertive.files, assertive.numbers,
    assertive.properties, assertive.types, ggplot2, gridGraphics,
    gtable, jpeg, magrittr, png, rsvg, tiff

Package: munsell
Source: CRAN
Version: 0.4.3
Requires: colorspace

Package: openssl
Source: CRAN
Version: 0.9.4
Hash: 5ceb5d83bba44e8e5a764ac6ad32e9fb

Package: packrat
Source: CRAN
Version: 0.4.7-1
Hash: 16ca16d36eb18d1d16113606ecc5c400

Package: plyr
Source: CRAN
Version: 1.8.4
Requires: Rcpp

Package: png
Source: CRAN
Version: 0.1-7

Package: praise
Source: CRAN
Version: 1.0.0

Package: reshape2
Source: CRAN
Version: 1.4.1
Requires: Rcpp, plyr, stringr

Package: roxygen2
Source: CRAN
Version: 5.0.1
Hash: 5cf42c9a288a1cc760166097f8e42a92
Requires: Rcpp, brew, digest, stringi, stringr

Package: rstudioapi
Source: CRAN
Version: 0.5
Hash: f942db72a8f51e968b061f28058e2c57

Package: rsvg
Source: CRAN
Version: 0.5

Package: scales
Source: CRAN
Version: 0.4.0
Requires: RColorBrewer, Rcpp, dichromat, labeling, munsell, plyr

Package: splus2R
Source: CRAN
Version: 1.2-1

Package: stringi
Source: CRAN
Version: 1.1.1
Hash: 48f2afc5dfecb65ba32a87d38b3533ff

Package: stringr
Source: CRAN
Version: 1.0.0
Hash: 2676dd5f88890910962b733b0f9540e1
Requires: magrittr, stringi

Package: testthat
Source: CRAN
Version: 1.0.2
Requires: R6, crayon, digest, magrittr, praise

Package: tiff
Source: CRAN
Version: 0.1-5

Package: whisker
Source: CRAN
Version: 0.3-2
Hash: 803d662762e532705c2c066a82d066e7

Package: withr
Source: CRAN
Version: 1.0.1
Hash: e3d37838719e5d66652364e2aefebcee

Package: wmtsa
Source: CRAN
Version: 2.0-2
Requires: ifultools, splus2R
